
Microsoft Visual Studio Solution File, Format Version 12.00
# Visual Studio 15
VisualStudioVersion = 15.0.27130.2036
MinimumVisualStudioVersion = 10.0.40219.1
Project("{FAE04EC0-301F-11D3-BF4B-00C04F79EFBC}") = "WSCeComm", "WSCeComm\WSCeComm.csproj", "{D133BEBB-C0D4-4643-A859-D5AD569F4308}"
EndProject
Global
	GlobalSection(SolutionConfigurationPlatforms) = preSolution
		Debug|Any CPU = Debug|Any CPU
		Release|Any CPU = Release|Any CPU
	EndGlobalSection
	GlobalSection(ProjectConfigurationPlatforms) = postSolution
		{D133BEBB-C0D4-4643-A859-D5AD569F4308}.Debug|Any CPU.ActiveCfg = Debug|Any CPU
		{D133BEBB-C0D4-4643-A859-D5AD569F4308}.Debug|Any CPU.Build.0 = Debug|Any CPU
		{D133BEBB-C0D4-4643-A859-D5AD569F4308}.Release|Any CPU.ActiveCfg = Release|Any CPU
		{D133BEBB-C0D4-4643-A859-D5AD569F4308}.Release|Any CPU.Build.0 = Release|Any CPU
	EndGlobalSection
	GlobalSection(SolutionProperties) = preSolution
		HideSolutionNode = FALSE
	EndGlobalSection
	GlobalSection(ExtensibilityGlobals) = postSolution
		SolutionGuid = {B96119A3-98A8-427C-A138-C9F8BF99CACA}
	EndGlobalSection
EndGlobal
